// !$*UTF8*$!
{
	archiveVersion = 1;
	classes = {
	};
	objectVersion = 50;
	objects = {

/* Begin PBXBuildFile section */
		264C200AFC6CBC548B05B13E /* Pods_firebaseud.framework in Frameworks */ = {isa = PBXBuildFile; fileRef = 3D86D5B2440D914A026E5EE1 /* Pods_firebaseud.framework */; };
		8BDE6DE123C4648400945CCB /* AppDelegate.swift in Sources */ = {isa = PBXBuildFile; fileRef = 8BDE6DE023C4648400945CCB /* AppDelegate.swift */; };
		8BDE6DE323C4648400945CCB /* ViewController.swift in Sources */ = {isa = PBXBuildFile; fileRef = 8BDE6DE223C4648400945CCB /* ViewController.swift */; };
		8BDE6DE623C4648400945CCB /* Main.storyboard in Resources */ = {isa = PBXBuildFile; fileRef = 8BDE6DE423C4648400945CCB /* Main.storyboard */; };
		8BDE6DE823C4648500945CCB /* Assets.xcassets in Resources */ = {isa = PBXBuildFile; fileRef = 8BDE6DE723C4648500945CCB /* Assets.xcassets */; };
		8BDE6DEB23C4648500945CCB /* LaunchScreen.storyboard in Resources */ = {isa = PBXBuildFile; fileRef = 8BDE6DE923C4648500945CCB /* LaunchScreen.storyboard */; };
		8BDE6DF323C4671900945CCB /* GoogleService-Info.plist in Resources */ = {isa = PBXBuildFile; fileRef = 8BDE6DF223C4671900945CCB /* GoogleService-Info.plist */; };
/* End PBXBuildFile section */

/* Begin PBXFileReference section */
		3D86D5B2440D914A026E5EE1 /* Pods_firebaseud.framework */ = {isa = PBXFileReference; explicitFileType = wrapper.framework; includeInIndex = 0; path = Pods_firebaseud.framework; sourceTree = BUILT_PRODUCTS_DIR; };
		56BBA5061ECA88964D860AB4 /* Pods-firebaseud.release.xcconfig */ = {isa = PBXFileReference; includeInIndex = 1; lastKnownFileType = text.xcconfig; name = "Pods-firebaseud.release.xcconfig"; path = "Target Support Files/Pods-firebaseud/Pods-firebaseud.release.xcconfig"; sourceTree = "<group>"; };
		86EE93B35165FB47B69120D2 /* Pods-firebaseud.debug.xcconfig */ = {isa = PBXFileReference; includeInIndex = 1; lastKnownFileType = text.xcconfig; name = "Pods-firebaseud.debug.xcconfig"; path = "Target Support Files/Pods-firebaseud/Pods-firebaseud.debug.xcconfig"; sourceTree = "<group>"; };
		8BDE6DDD23C4648400945CCB /* firebaseud.app */ = {isa = PBXFileReference; explicitFileType = wrapper.application; includeInIndex = 0; path = firebaseud.app; sourceTree = BUILT_PRODUCTS_DIR; };
		8BDE6DE023C4648400945CCB /* AppDelegate.swift */ = {isa = PBXFileReference; lastKnownFileType = sourcecode.swift; path = AppDelegate.swift; sourceTree = "<group>"; };
		8BDE6DE223C4648400945CCB /* ViewController.swift */ = {isa = PBXFileReference; lastKnownFileType = sourcecode.swift; path = ViewController.swift; sourceTree = "<group>"; };
		8BDE6DE523C4648400945CCB /* Base */ = {isa = PBXFileReference; lastKnownFileType = file.storyboard; name = Base; path = Base.lproj/Main.storyboard; sourceTree = "<group>"; };
		8BDE6DE723C4648500945CCB /* Assets.xcassets */ = {isa = PBXFileReference; lastKnownFileType = folder.assetcatalog; path = Assets.xcassets; sourceTree = "<group>"; };
		8BDE6DEA23C4648500945CCB /* Base */ = {isa = PBXFileReference; lastKnownFileType = file.storyboard; name = Base; path = Base.lproj/LaunchScreen.storyboard; sourceTree = "<group>"; };
		8BDE6DEC23C4648500945CCB /* Info.plist */ = {isa = PBXFileReference; lastKnownFileType = text.plist.xml; path = Info.plist; sourceTree = "<group>"; };
		8BDE6DF223C4671900945CCB /* GoogleService-Info.plist */ = {isa = PBXFileReference; fileEncoding = 4; lastKnownFileType = text.plist.xml; path = "GoogleService-Info.plist"; sourceTree = "<group>"; };
/* End PBXFileReference section */

/* Begin PBXFrameworksBuildPhase section */
		8BDE6DDA23C4648400945CCB /* Frameworks */ = {
			isa = PBXFrameworksBuildPhase;
			buildActionMask = 2147483647;
			files = (
				264C200AFC6CBC548B05B13E /* Pods_firebaseud.framework in Frameworks */,
			);
			runOnlyForDeploymentPostprocessing = 0;
		};
/* End PBXFrameworksBuildPhase section */

/* Begin PBXGroup section */
		8BDE6DD423C4648400945CCB = {
			isa = PBXGroup;
			children = (
				8BDE6DDF23C4648400945CCB /* firebaseud */,
				8BDE6DDE23C4648400945CCB /* Products */,
				FB9A28D6645A36417807BD5D /* Pods */,
				BB9482ADB97B5757D2DFFED1 /* Frameworks */,
			);
			sourceTree = "<group>";
		};
		8BDE6DDE23C4648400945CCB /* Products */ = {
			isa = PBXGroup;
			children = (
				8BDE6DDD23C4648400945CCB /* firebaseud.app */,
			);
			name = Products;
			sourceTree = "<group>";
		};
		8BDE6DDF23C4648400945CCB /* firebaseud */ = {
			isa = PBXGroup;
			children = (
				8BDE6DE023C4648400945CCB /* AppDelegate.swift */,
				8BDE6DE223C4648400945CCB /* ViewController.swift */,
				8BDE6DE423C4648400945CCB /* Main.storyboard */,
				8BDE6DE723C4648500945CCB /* Assets.xcassets */,
				8BDE6DF223C4671900945CCB /* GoogleService-Info.plist */,
				8BDE6DE923C4648500945CCB /* LaunchScreen.storyboard */,
				8BDE6DEC23C4648500945CCB /* Info.plist */,
			);
			path = firebaseud;
			sourceTree = "<group>";
		};
		BB9482ADB97B5757D2DFFED1 /* Frameworks */ = {
			isa = PBXGroup;
			children = (
				3D86D5B2440D914A026E5EE1 /* Pods_firebaseud.framework */,
			);
			name = Frameworks;
			sourceTree = "<group>";
		};
		FB9A28D6645A36417807BD5D /* Pods */ = {
			isa = PBXGroup;
			children = (
				86EE93B35165FB47B69120D2 /* Pods-firebaseud.debug.xcconfig */,
				56BBA5061ECA88964D860AB4 /* Pods-firebaseud.release.xcconfig */,
			);
			name = Pods;
			path = Pods;
			sourceTree = "<group>";
		};
/* End PBXGroup section */

/* Begin PBXNativeTarget section */
		8BDE6DDC23C4648400945CCB /* firebaseud */ = {
			isa = PBXNativeTarget;
			buildConfigurationList = 8BDE6DEF23C4648500945CCB /* Build configuration list for PBXNativeTarget "firebaseud" */;
			buildPhases = (
				DFCB4E5AF4A929EEC0838DA8 /* [CP] Check Pods Manifest.lock */,
				8BDE6DD923C4648400945CCB /* Sources */,
				8BDE6DDA23C4648400945CCB /* Frameworks */,
				8BDE6DDB23C4648400945CCB /* Resources */,
				974BF072A54AA8CFD52ECBF7 /* [CP] Embed Pods Frameworks */,
			);
			buildRules = (
			);
			dependencies = (
			);
			name = firebaseud;
			productName = firebaseud;
			productReference = 8BDE6DDD23C4648400945CCB /* firebaseud.app */;
			productType = "com.apple.product-type.application";
		};
/* End PBXNativeTarget section */

/* Begin PBXProject section */
		8BDE6DD523C4648400945CCB /* Project object */ = {
			isa = PBXProject;
			attributes = {
				LastSwiftUpdateCheck = 1010;
				LastUpgradeCheck = 1010;
				ORGANIZATIONNAME = "Bhushan Badhe";
				TargetAttributes = {
					8BDE6DDC23C4648400945CCB = {
						CreatedOnToolsVersion = 10.1;
					};
				};
			};
			buildConfigurationList = 8BDE6DD823C4648400945CCB /* Build configuration list for PBXProject "firebaseud" */;
			compatibilityVersion = "Xcode 9.3";
			developmentRegion = en;
			hasScannedForEncodings = 0;
			knownRegions = (
				en,
				Base,
			);
			mainGroup = 8BDE6DD423C4648400945CCB;
			productRefGroup = 8BDE6DDE23C4648400945CCB /* Products */;
			projectDirPath = "";
			projectRoot = "";
			targets = (
				8BDE6DDC23C4648400945CCB /* firebaseud */,
			);
		};
/* End PBXProject section */

/* Begin PBXResourcesBuildPhase section */
		8BDE6DDB23C4648400945CCB /* Resources */ = {
			isa = PBXResourcesBuildPhase;
			buildActionMask = 2147483647;
			files = (
				8BDE6DEB23C4648500945CCB /* LaunchScreen.storyboard in Resources */,
				8BDE6DF323C4671900945CCB /* GoogleService-Info.plist in Resources */,
				8BDE6DE823C4648500945CCB /* Assets.xcassets in Resources */,
				8BDE6DE623C4648400945CCB /* Main.storyboard in Resources */,
			);
			runOnlyForDeploymentPostprocessing = 0;
		};
/* End PBXResourcesBuildPhase section */

/* Begin PBXShellScriptBuildPhase section */
		974BF072A54AA8CFD52ECBF7 /* [CP] Embed Pods Frameworks */ = {
			isa = PBXShellScriptBuildPhase;
			buildActionMask = 2147483647;
			files = (
			);
			inputFileListPaths = (
				"${PODS_ROOT}/Target Support Files/Pods-firebaseud/Pods-firebaseud-frameworks-${CONFIGURATION}-input-files.xcfilelist",
			);
			name = "[CP] Embed Pods Frameworks";
			outputFileListPaths = (
				"${PODS_ROOT}/Target Support Files/Pods-firebaseud/Pods-firebaseud-frameworks-${CONFIGURATION}-output-files.xcfilelist",
			);
			runOnlyForDeploymentPostprocessing = 0;
			shellPath = /bin/sh;
			shellScript = "\"${PODS_ROOT}/Target Support Files/Pods-firebaseud/Pods-firebaseud-frameworks.sh\"\n";
			showEnvVarsInLog = 0;
		};
		DFCB4E5AF4A929EEC0838DA8 /* [CP] Check Pods Manifest.lock */ = {
			isa = PBXShellScriptBuildPhase;
			buildActionMask = 2147483647;
			files = (
			);
			inputFileListPaths = (
			);
			inputPaths = (
				"${PODS_PODFILE_DIR_PATH}/Podfile.lock",
				"${PODS_ROOT}/Manifest.lock",
			);
			name = "[CP] Check Pods Manifest.lock";
			outputFileListPaths = (
			);
			outputPaths = (
				"$(DERIVED_FILE_DIR)/Pods-firebaseud-checkManifestLockResult.txt",
			);
			runOnlyForDeploymentPostprocessing = 0;
			shellPath = /bin/sh;
			shellScript = "diff \"${PODS_PODFILE_DIR_PATH}/Podfile.lock\" \"${PODS_ROOT}/Manifest.lock\" > /dev/null\nif [ $? != 0 ] ; then\n    # print error to STDERR\n    echo \"error: The sandbox is not in sync with the Podfile.lock. Run 'pod install' or update your CocoaPods installation.\" >&2\n    exit 1\nfi\n# This output is used by Xcode 'outputs' to avoid re-running this script phase.\necho \"SUCCESS\" > \"${SCRIPT_OUTPUT_FILE_0}\"\n";
			showEnvVarsInLog = 0;
		};
/* End PBXShellScriptBuildPhase section */

/* Begin PBXSourcesBuildPhase section */
		8BDE6DD923C4648400945CCB /* Sources */ = {
			isa = PBXSourcesBuildPhase;
			buildActionMask = 2147483647;
			files = (
				8BDE6DE323C4648400945CCB /* ViewController.swift in Sources */,
				8BDE6DE123C4648400945CCB /* AppDelegate.swift in Sources */,
			);
			runOnlyForDeploymentPostprocessing = 0;
		};
/* End PBXSourcesBuildPhase section */

/* Begin PBXVariantGroup section */
		8BDE6DE423C4648400945CCB /* Main.storyboard */ = {
			isa = PBXVariantGroup;
			children = (
				8BDE6DE523C4648400945CCB /* Base */,
			);
			name = Main.storyboard;
			sourceTree = "<group>";
		};
		8BDE6DE923C4648500945CCB /* LaunchScreen.storyboard */ = {
			isa = PBXVariantGroup;
			children = (
				8BDE6DEA23C4648500945CCB /* Base */,
			);
			name = LaunchScreen.storyboard;
			sourceTree = "<group>";
		};
/* End PBXVariantGroup section */

/* Begin XCBuildConfiguration section */
		8BDE6DED23C4648500945CCB /* Debug */ = {
			isa = XCBuildConfiguration;
			buildSettings = {
				ALWAYS_SEARCH_USER_PATHS = NO;
				CLANG_ANALYZER_NONNULL = YES;
				CLANG_ANALYZER_NUMBER_OBJECT_CONVERSION = YES_AGGRESSIVE;
				CLANG_CXX_LANGUAGE_STANDARD = "gnu++14";
				CLANG_CXX_LIBRARY = "libc++";
				CLANG_ENABLE_MODULES = YES;
				CLANG_ENABLE_OBJC_ARC = YES;
				CLANG_ENABLE_OBJC_WEAK = YES;
				CLANG_WARN_BLOCK_CAPTURE_AUTORELEASING = YES;
				CLANG_WARN_BOOL_CONVERSION = YES;
				CLANG_WARN_COMMA = YES;
				CLANG_WARN_CONSTANT_CONVERSION = YES;
				CLANG_WARN_DEPRECATED_OBJC_IMPLEMENTATIONS = YES;
				CLANG_WARN_DIRECT_OBJC_ISA_USAGE = YES_ERROR;
				CLANG_WARN_DOCUMENTATION_COMMENTS = YES;
				CLANG_WARN_EMPTY_BODY = YES;
				CLANG_WARN_ENUM_CONVERSION = YES;
				CLANG_WARN_INFINITE_RECURSION = YES;
				CLANG_WARN_INT_CONVERSION = YES;
				CLANG_WARN_NON_LITERAL_NULL_CONVERSION = YES;
				CLANG_WARN_OBJC_IMPLICIT_RETAIN_SELF = YES;
				CLANG_WARN_OBJC_LITERAL_CONVERSION = YES;
				CLANG_WARN_OBJC_ROOT_CLASS = YES_ERROR;
				CLANG_WARN_RANGE_LOOP_ANALYSIS = YES;
				CLANG_WARN_STRICT_PROTOTYPES = YES;
				CLANG_WARN_SUSPICIOUS_MOVE = YES;
				CLANG_WARN_UNGUARDED_AVAILABILITY = YES_AGGRESSIVE;
				CLANG_WARN_UNREACHABLE_CODE = YES;
				CLANG_WARN__DUPLICATE_METHOD_MATCH = YES;
				CODE_SIGN_IDENTITY = "iPhone Developer";
				COPY_PHASE_STRIP = NO;
				DEBUG_INFORMATION_FORMAT = dwarf;
				ENABLE_STRICT_OBJC_MSGSEND = YES;
				ENABLE_TESTABILITY = YES;
				GCC_C_LANGUAGE_STANDARD = gnu11;
				GCC_DYNAMIC_NO_PIC = NO;
				GCC_NO_COMMON_BLOCKS = YES;
				GCC_OPTIMIZATION_LEVEL = 0;
				GCC_PREPROCESSOR_DEFINITIONS = (
					"DEBUG=1",
					"$(inherited)",
				);
				GCC_WARN_64_TO_32_BIT_CONVERSION = YES;
				GCC_WARN_ABOUT_RETURN_TYPE = YES_ERROR;
				GCC_WARN_UNDECLARED_SELECTOR = YES;
				GCC_WARN_UNINITIALIZED_AUTOS = YES_AGGRESSIVE;
				GCC_WARN_UNUSED_FUNCTION = YES;
				GCC_WARN_UNUSED_VARIABLE = YES;
				IPHONEOS_DEPLOYMENT_TARGET = 12.1;
				MTL_ENABLE_DEBUG_INFO = INCLUDE_SOURCE;
				MTL_FAST_MATH = YES;
				ONLY_ACTIVE_ARCH = YES;
				SDKROOT = iphoneos;
				SWIFT_ACTIVE_COMPILATION_CONDITIONS = DEBUG;
				SWIFT_OPTIMIZATION_LEVEL = "-Onone";
			};
			name = Debug;
		};
		8BDE6DEE23C4648500945CCB /* Release */ = {
			isa = XCBuildConfiguration;
			buildSettings = {
				ALWAYS_SEARCH_USER_PATHS = NO;
				CLANG_ANALYZER_NONNULL = YES;
				CLANG_ANALYZER_NUMBER_OBJECT_CONVERSION = YES_AGGRESSIVE;
				CLANG_CXX_LANGUAGE_STANDARD = "gnu++14";
				CLANG_CXX_LIBRARY = "libc++";
				CLANG_ENABLE_MODULES = YES;
				CLANG_ENABLE_OBJC_ARC = YES;
				CLANG_ENABLE_OBJC_WEAK = YES;
				CLANG_WARN_BLOCK_CAPTURE_AUTORELEASING = YES;
				CLANG_WARN_BOOL_CONVERSION = YES;
				CLANG_WARN_COMMA = YES;
				CLANG_WARN_CONSTANT_CONVERSION = YES;
				CLANG_WARN_DEPRECATED_OBJC_IMPLEMENTATIONS = YES;
				CLANG_WARN_DIRECT_OBJC_ISA_USAGE = YES_ERROR;
				CLANG_WARN_DOCUMENTATION_COMMENTS = YES;
				CLANG_WARN_EMPTY_BODY = YES;
				CLANG_WARN_ENUM_CONVERSION = YES;
				CLANG_WARN_INFINITE_RECURSION = YES;
				CLANG_WARN_INT_CONVERSION = YES;
				CLANG_WARN_NON_LITERAL_NULL_CONVERSION = YES;
				CLANG_WARN_OBJC_IMPLICIT_RETAIN_SELF = YES;
				CLANG_WARN_OBJC_LITERAL_CONVERSION = YES;
				CLANG_WARN_OBJC_ROOT_CLASS = YES_ERROR;
				CLANG_WARN_RANGE_LOOP_ANALYSIS = YES;
				CLANG_WARN_STRICT_PROTOTYPES = YES;
				CLANG_WARN_SUSPICIOUS_MOVE = YES;
				CLANG_WARN_UNGUARDED_AVAILABILITY = YES_AGGRESSIVE;
				CLANG_WARN_UNREACHABLE_CODE = YES;
				CLANG_WARN__DUPLICATE_METHOD_MATCH = YES;
				CODE_SIGN_IDENTITY = "iPhone Developer";
				COPY_PHASE_STRIP = NO;
				DEBUG_INFORMATION_FORMAT = "dwarf-with-dsym";
				ENABLE_NS_ASSERTIONS = NO;
				ENABLE_STRICT_OBJC_MSGSEND = YES;
				GCC_C_LANGUAGE_STANDARD = gnu11;
				GCC_NO_COMMON_BLOCKS = YES;
				GCC_WARN_64_TO_32_BIT_CONVERSION = YES;
				GCC_WARN_ABOUT_RETURN_TYPE = YES_ERROR;
				GCC_WARN_UNDECLARED_SELECTOR = YES;
				GCC_WARN_UNINITIALIZED_AUTOS = YES_AGGRESSIVE;
				GCC_WARN_UNUSED_FUNCTION = YES;
				GCC_WARN_UNUSED_VARIABLE = YES;
				IPHONEOS_DEPLOYMENT_TARGET = 12.1;
				MTL_ENABLE_DEBUG_INFO = NO;
				MTL_FAST_MATH = YES;
				SDKROOT = iphoneos;
				SWIFT_COMPILATION_MODE = wholemodule;
				SWIFT_OPTIMIZATION_LEVEL = "-O";
				VALIDATE_PRODUCT = YES;
			};
			name = Release;
		};
		8BDE6DF023C4648500945CCB /* Debug */ = {
			isa = XCBuildConfiguration;
			baseConfigurationReference = 86EE93B35165FB47B69120D2 /* Pods-firebaseud.debug.xcconfig */;
			buildSettings = {
				ASSETCATALOG_COMPILER_APPICON_NAME = AppIcon;
				CODE_SIGN_STYLE = Automatic;
				INFOPLIST_FILE = firebaseud/Info.plist;
				LD_RUNPATH_SEARCH_PATHS = (
					"$(inherited)",
					"@executable_path/Frameworks",
				);
				PRODUCT_BUNDLE_IDENTIFIER = com.demo.firebaseud;
				PRODUCT_NAME = "$(TARGET_NAME)";
				SWIFT_VERSION = 4.2;
				TARGETED_DEVICE_FAMILY = "1,2";
			};
			name = Debug;
		};
		8BDE6DF123C4648500945CCB /* Release */ = {
			isa = XCBuildConfiguration;
			baseConfigurationReference = 56BBA5061ECA88964D860AB4 /* Pods-firebaseud.release.xcconfig */;
			buildSettings = {
				ASSETCATALOG_COMPILER_APPICON_NAME = AppIcon;
				CODE_SIGN_STYLE = Automatic;
				INFOPLIST_FILE = firebaseud/Info.plist;
				LD_RUNPATH_SEARCH_PATHS = (
					"$(inherited)",
					"@executable_path/Frameworks",
				);
				PRODUCT_BUNDLE_IDENTIFIER = com.demo.firebaseud;
				PRODUCT_NAME = "$(TARGET_NAME)";
				SWIFT_VERSION = 4.2;
				TARGETED_DEVICE_FAMILY = "1,2";
			};
			name = Release;
		};
/* End XCBuildConfiguration section */

/* Begin XCConfigurationList section */
		8BDE6DD823C4648400945CCB /* Build configuration list for PBXProject "firebaseud" */ = {
			isa = XCConfigurationList;
			buildConfigurations = (
				8BDE6DED23C4648500945CCB /* Debug */,
				8BDE6DEE23C4648500945CCB /* Release */,
			);
			defaultConfigurationIsVisible = 0;
			defaultConfigurationName = Release;
		};
		8BDE6DEF23C4648500945CCB /* Build configuration list for PBXNativeTarget "firebaseud" */ = {
			isa = XCConfigurationList;
			buildConfigurations = (
				8BDE6DF023C4648500945CCB /* Debug */,
				8BDE6DF123C4648500945CCB /* Release */,
			);
			defaultConfigurationIsVisible = 0;
			defaultConfigurationName = Release;
		};
/* End XCConfigurationList section */
	};
	rootObject = 8BDE6DD523C4648400945CCB /* Project object */;
}
